# This file is generated by running "yarn install" inside your project.
# Manual changes might be lost - proceed with caution!

__metadata:
  version: 5
  cacheKey: 8

"@cspotcode/source-map-consumer@npm:0.8.0":
  version: 0.8.0
  resolution: "@cspotcode/source-map-consumer@npm:0.8.0"
  checksum: c0c16ca3d2f58898f1bd74c4f41a189dbcc202e642e60e489cbcc2e52419c4e89bdead02c886a12fb13ea37798ede9e562b2321df997ebc210ae9bd881561b4e
  languageName: node
  linkType: hard

"@cspotcode/source-map-support@npm:0.7.0":
  version: 0.7.0
  resolution: "@cspotcode/source-map-support@npm:0.7.0"
  dependencies:
    "@cspotcode/source-map-consumer": 0.8.0
  checksum: 9faddda7757cd778b5fd6812137b2cc265810043680d6399acc20441668fafcdc874053be9dccd0d9110087287bfad27eb3bf342f72bceca9aa9059f5d0c4be8
  languageName: node
  linkType: hard

"@sindresorhus/is@npm:^4.2.0":
  version: 4.3.0
  resolution: "@sindresorhus/is@npm:4.3.0"
  checksum: 27dc822fd6962eb174de128fa5212e9a0b4b0672d810d6d5226e922db65ea779143e6cfda8ee10a3e5be7f744af0a65d69a761f3fb3d11ce83587ed1b19c9bf8
  languageName: node
  linkType: hard

"@szmarczak/http-timer@npm:^5.0.1":
  version: 5.0.1
  resolution: "@szmarczak/http-timer@npm:5.0.1"
  dependencies:
    defer-to-connect: ^2.0.1
  checksum: fc9cb993e808806692e4a3337c90ece0ec00c89f4b67e3652a356b89730da98bc824273a6d67ca84d5f33cd85f317dcd5ce39d8cc0a2f060145a608a7cb8ce92
  languageName: node
  linkType: hard

"@tootallnate/once@npm:2":
  version: 2.0.0
  resolution: "@tootallnate/once@npm:2.0.0"
  checksum: ad87447820dd3f24825d2d947ebc03072b20a42bfc96cbafec16bff8bbda6c1a81fcb0be56d5b21968560c5359a0af4038a68ba150c3e1694fe4c109a063bed8
  languageName: node
  linkType: hard

"@tsconfig/node10@npm:^1.0.7":
  version: 1.0.8
  resolution: "@tsconfig/node10@npm:1.0.8"
  checksum: b8d5fffbc6b17ef64ef74f7fdbccee02a809a063ade785c3648dae59406bc207f70ea2c4296f92749b33019fa36a5ae716e42e49cc7f1bbf0fd147be0d6b970a
  languageName: node
  linkType: hard

"@tsconfig/node12@npm:^1.0.7":
  version: 1.0.9
  resolution: "@tsconfig/node12@npm:1.0.9"
  checksum: a01b2400ab3582b86b589c6d31dcd0c0656f333adecde85d6d7d4086adb059808b82692380bb169546d189bf771ae21d02544a75b57bd6da4a5dd95f8567bec9
  languageName: node
  linkType: hard

"@tsconfig/node14@npm:^1.0.0":
  version: 1.0.1
  resolution: "@tsconfig/node14@npm:1.0.1"
  checksum: 976345e896c0f059867f94f8d0f6ddb8b1844fb62bf36b727de8a9a68f024857e5db97ed51d3325e23e0616a5e48c034ff51a8d595b3fe7e955f3587540489be
  languageName: node
  linkType: hard

"@tsconfig/node16@npm:^1.0.2":
  version: 1.0.2
  resolution: "@tsconfig/node16@npm:1.0.2"
  checksum: ca94d3639714672bbfd55f03521d3f56bb6a25479bd425da81faf21f13e1e9d15f40f97377dedbbf477a5841c5b0c8f4cd1b391f33553d750b9202c54c2c07aa
  languageName: node
  linkType: hard

"@types/cacheable-request@npm:^6.0.2":
  version: 6.0.2
  resolution: "@types/cacheable-request@npm:6.0.2"
  dependencies:
    "@types/http-cache-semantics": "*"
    "@types/keyv": "*"
    "@types/node": "*"
    "@types/responselike": "*"
  checksum: 667d25808dbf46fe104d6f029e0281ff56058d50c7c1b9182774b3e38bb9c1124f56e4c367ba54f92dbde2d1cc573f26eb0e9748710b2822bc0fd1e5498859c6
  languageName: node
  linkType: hard

"@types/http-cache-semantics@npm:*":
  version: 4.0.1
  resolution: "@types/http-cache-semantics@npm:4.0.1"
  checksum: 1048aacf627829f0d5f00184e16548205cd9f964bf0841c29b36bc504509230c40bc57c39778703a1c965a6f5b416ae2cbf4c1d4589c889d2838dd9dbfccf6e9
  languageName: node
  linkType: hard

"@types/jsdom@npm:^16.2.14":
  version: 16.2.14
  resolution: "@types/jsdom@npm:16.2.14"
  dependencies:
    "@types/node": "*"
    "@types/parse5": "*"
    "@types/tough-cookie": "*"
  checksum: 12bb926fa74ea07c0ba0bfd5bf185ac0fd771b28666a5e8784b9af4bb96bb0c51fc5f494eff7da1d3cd804e4757f640a23c344c1cd5d188f95ab0ab51770d88b
  languageName: node
  linkType: hard

"@types/keyv@npm:*":
  version: 3.1.3
  resolution: "@types/keyv@npm:3.1.3"
  dependencies:
    "@types/node": "*"
  checksum: b5f8aa592cc21c16d99e69aec0976f12b893b055e4456d90148a610a6b6088e297b2ba5f38f8c8280cef006cfd8f9ec99e069905020882619dc5fc8aa46f5f27
  languageName: node
  linkType: hard

"@types/node@npm:*, @types/node@npm:^17.0.10":
  version: 17.0.10
  resolution: "@types/node@npm:17.0.10"
  checksum: 979e83d642a2b4f18fa1a4233f884822c05abc7acd0836024aa964187f8446432b21f7913e72fe2b3927c4a811c27a0b6cd60ac7c4ac6a6762cfbab70782aa6a
  languageName: node
  linkType: hard

"@types/parse5@npm:*":
  version: 6.0.3
  resolution: "@types/parse5@npm:6.0.3"
  checksum: ddb59ee4144af5dfcc508a8dcf32f37879d11e12559561e65788756b95b33e6f03ea027d88e1f5408f9b7bfb656bf630ace31a2169edf44151daaf8dd58df1b7
  languageName: node
  linkType: hard

"@types/responselike@npm:*, @types/responselike@npm:^1.0.0":
  version: 1.0.0
  resolution: "@types/responselike@npm:1.0.0"
  dependencies:
    "@types/node": "*"
  checksum: e99fc7cc6265407987b30deda54c1c24bb1478803faf6037557a774b2f034c5b097ffd65847daa87e82a61a250d919f35c3588654b0fdaa816906650f596d1b0
  languageName: node
  linkType: hard

"@types/tough-cookie@npm:*":
  version: 4.0.1
  resolution: "@types/tough-cookie@npm:4.0.1"
  checksum: 7570c1c2d74201f4ead3512cf8e4c99e97d92ab8a02ae2fb987fd720ced0ca1a2baf250c98a861a170b86762606c9bf6d32207675f13dffc5ab75c08c96578d2
  languageName: node
  linkType: hard

"abab@npm:^2.0.3, abab@npm:^2.0.5":
  version: 2.0.5
  resolution: "abab@npm:2.0.5"
  checksum: 0ec951b46d5418c2c2f923021ec193eaebdb4e802ffd5506286781b454be722a13a8430f98085cd3e204918401d9130ec6cc8f5ae19be315b3a0e857d83196e1
  languageName: node
  linkType: hard

"acorn-globals@npm:^6.0.0":
  version: 6.0.0
  resolution: "acorn-globals@npm:6.0.0"
  dependencies:
    acorn: ^7.1.1
    acorn-walk: ^7.1.1
  checksum: 72d95e5b5e585f9acd019b993ab8bbba68bb3cbc9d9b5c1ebb3c2f1fe5981f11deababfb4949f48e6262f9c57878837f5958c0cca396f81023814680ca878042
  languageName: node
  linkType: hard

"acorn-walk@npm:^7.1.1":
  version: 7.2.0
  resolution: "acorn-walk@npm:7.2.0"
  checksum: 9252158a79b9d92f1bc0dd6acc0fcfb87a67339e84bcc301bb33d6078936d27e35d606b4d35626d2962cd43c256d6f27717e70cbe15c04fff999ab0b2260b21f
  languageName: node
  linkType: hard

"acorn-walk@npm:^8.1.1":
  version: 8.2.0
  resolution: "acorn-walk@npm:8.2.0"
  checksum: 1715e76c01dd7b2d4ca472f9c58968516a4899378a63ad5b6c2d668bba8da21a71976c14ec5f5b75f887b6317c4ae0b897ab141c831d741dc76024d8745f1ad1
  languageName: node
  linkType: hard

"acorn@npm:^7.1.1":
  version: 7.4.1
  resolution: "acorn@npm:7.4.1"
  bin:
    acorn: bin/acorn
  checksum: 1860f23c2107c910c6177b7b7be71be350db9e1080d814493fae143ae37605189504152d1ba8743ba3178d0b37269ce1ffc42b101547fdc1827078f82671e407
  languageName: node
  linkType: hard

"acorn@npm:^8.4.1, acorn@npm:^8.5.0":
  version: 8.7.0
  resolution: "acorn@npm:8.7.0"
  bin:
    acorn: bin/acorn
  checksum: e0f79409d68923fbf1aa6d4166f3eedc47955320d25c89a20cc822e6ba7c48c5963d5bc657bc242d68f7a4ac9faf96eef033e8f73656da6c640d4219935fdfd0
  languageName: node
  linkType: hard

"agent-base@npm:6":
  version: 6.0.2
  resolution: "agent-base@npm:6.0.2"
  dependencies:
    debug: 4
  checksum: f52b6872cc96fd5f622071b71ef200e01c7c4c454ee68bc9accca90c98cfb39f2810e3e9aa330435835eedc8c23f4f8a15267f67c6e245d2b33757575bdac49d
  languageName: node
  linkType: hard

"arg@npm:^4.1.0":
  version: 4.1.3
  resolution: "arg@npm:4.1.3"
  checksum: 544af8dd3f60546d3e4aff084d451b96961d2267d668670199692f8d054f0415d86fc5497d0e641e91546f0aa920e7c29e5250e99fc89f5552a34b5d93b77f43
  languageName: node
  linkType: hard

"asynckit@npm:^0.4.0":
  version: 0.4.0
  resolution: "asynckit@npm:0.4.0"
  checksum: 7b78c451df768adba04e2d02e63e2d0bf3b07adcd6e42b4cf665cb7ce899bedd344c69a1dcbce355b5f972d597b25aaa1c1742b52cffd9caccb22f348114f6be
  languageName: node
  linkType: hard

"axios@npm:^0.25.0":
  version: 0.25.0
  resolution: "axios@npm:0.25.0"
  dependencies:
    follow-redirects: ^1.14.7
  checksum: 2a8a3787c05f2a0c9c3878f49782357e2a9f38945b93018fb0c4fd788171c43dceefbb577988628e09fea53952744d1ecebde234b561f1e703aa43e0a598a3ad
  languageName: node
  linkType: hard

"browser-process-hrtime@npm:^1.0.0":
  version: 1.0.0
  resolution: "browser-process-hrtime@npm:1.0.0"
  checksum: e30f868cdb770b1201afb714ad1575dd86366b6e861900884665fb627109b3cc757c40067d3bfee1ff2a29c835257ea30725a8018a9afd02ac1c24b408b1e45f
  languageName: node
  linkType: hard

"cacheable-lookup@npm:^6.0.4":
  version: 6.0.4
  resolution: "cacheable-lookup@npm:6.0.4"
  checksum: 7aea70f5ea081aed12bf54fc165b9f80b580b0d210c85d55cc8fed2beaa9027fd321c1939c65dad945fe9eb207cea45442e01a48b5aa57542e125b716f022b6d
  languageName: node
  linkType: hard

"cacheable-request@npm:^7.0.2":
  version: 7.0.2
  resolution: "cacheable-request@npm:7.0.2"
  dependencies:
    clone-response: ^1.0.2
    get-stream: ^5.1.0
    http-cache-semantics: ^4.0.0
    keyv: ^4.0.0
    lowercase-keys: ^2.0.0
    normalize-url: ^6.0.1
    responselike: ^2.0.0
  checksum: 6152813982945a5c9989cb457a6c499f12edcc7ade323d2fbfd759abc860bdbd1306e08096916bb413c3c47e812f8e4c0a0cc1e112c8ce94381a960f115bc77f
  languageName: node
  linkType: hard

"clone-response@npm:^1.0.2":
  version: 1.0.2
  resolution: "clone-response@npm:1.0.2"
  dependencies:
    mimic-response: ^1.0.0
  checksum: 2d0e61547fc66276e0903be9654ada422515f5a15741691352000d47e8c00c226061221074ce2c0064d12e975e84a8687cfd35d8b405750cb4e772f87b256eda
  languageName: node
  linkType: hard

"combined-stream@npm:^1.0.8":
  version: 1.0.8
  resolution: "combined-stream@npm:1.0.8"
  dependencies:
    delayed-stream: ~1.0.0
  checksum: 49fa4aeb4916567e33ea81d088f6584749fc90c7abec76fd516bf1c5aa5c79f3584b5ba3de6b86d26ddd64bae5329c4c7479343250cfe71c75bb366eae53bb7c
  languageName: node
  linkType: hard

"create-require@npm:^1.1.0":
  version: 1.1.1
  resolution: "create-require@npm:1.1.1"
  checksum: a9a1503d4390d8b59ad86f4607de7870b39cad43d929813599a23714831e81c520bddf61bcdd1f8e30f05fd3a2b71ae8538e946eb2786dc65c2bbc520f692eff
  languageName: node
  linkType: hard

"cssom@npm:^0.5.0":
  version: 0.5.0
  resolution: "cssom@npm:0.5.0"
  checksum: 823471aa30091c59e0a305927c30e7768939b6af70405808f8d2ce1ca778cddcb24722717392438329d1691f9a87cb0183b64b8d779b56a961546d54854fde01
  languageName: node
  linkType: hard

"cssom@npm:~0.3.6":
  version: 0.3.8
  resolution: "cssom@npm:0.3.8"
  checksum: 24beb3087c76c0d52dd458be9ee1fbc80ac771478a9baef35dd258cdeb527c68eb43204dd439692bb2b1ae5272fa5f2946d10946edab0d04f1078f85e06bc7f6
  languageName: node
  linkType: hard

"cssstyle@npm:^2.3.0":
  version: 2.3.0
  resolution: "cssstyle@npm:2.3.0"
  dependencies:
    cssom: ~0.3.6
  checksum: 5f05e6fd2e3df0b44695c2f08b9ef38b011862b274e320665176467c0725e44a53e341bc4959a41176e83b66064ab786262e7380fd1cabeae6efee0d255bb4e3
  languageName: node
  linkType: hard

"data-urls@npm:^3.0.1":
  version: 3.0.1
  resolution: "data-urls@npm:3.0.1"
  dependencies:
    abab: ^2.0.3
    whatwg-mimetype: ^3.0.0
    whatwg-url: ^10.0.0
  checksum: 00c71280d5d8146a2f19f3fce3ce59c3b860c66cd584f4e7db8764477a9c97966fa06543c9d9d28b762784f50e21c2e2ccb2d0be24b392ec82eb21daf7804b3e
  languageName: node
  linkType: hard

"debug@npm:4":
  version: 4.3.3
  resolution: "debug@npm:4.3.3"
  dependencies:
    ms: 2.1.2
  peerDependenciesMeta:
    supports-color:
      optional: true
  checksum: 14472d56fe4a94dbcfaa6dbed2dd3849f1d72ba78104a1a328047bb564643ca49df0224c3a17fa63533fd11dd3d4c8636cd861191232a2c6735af00cc2d4de16
  languageName: node
  linkType: hard

"decimal.js@npm:^10.3.1":
  version: 10.3.1
  resolution: "decimal.js@npm:10.3.1"
  checksum: 0351ac9f05fe050f23227aa6a4573bee2d58fa7378fcf28d969a8c789525032effb488a90320fd3fe86a66e17b4bc507d811b15eada5b7f0e7ec5d2af4c24a59
  languageName: node
  linkType: hard

"decompress-response@npm:^6.0.0":
  version: 6.0.0
  resolution: "decompress-response@npm:6.0.0"
  dependencies:
    mimic-response: ^3.1.0
  checksum: d377cf47e02d805e283866c3f50d3d21578b779731e8c5072d6ce8c13cc31493db1c2f6784da9d1d5250822120cefa44f1deab112d5981015f2e17444b763812
  languageName: node
  linkType: hard

"deep-is@npm:~0.1.3":
  version: 0.1.4
  resolution: "deep-is@npm:0.1.4"
  checksum: edb65dd0d7d1b9c40b2f50219aef30e116cedd6fc79290e740972c132c09106d2e80aa0bc8826673dd5a00222d4179c84b36a790eef63a4c4bca75a37ef90804
  languageName: node
  linkType: hard

"defer-to-connect@npm:^2.0.1":
  version: 2.0.1
  resolution: "defer-to-connect@npm:2.0.1"
  checksum: 8a9b50d2f25446c0bfefb55a48e90afd58f85b21bcf78e9207cd7b804354f6409032a1705c2491686e202e64fc05f147aa5aa45f9aa82627563f045937f5791b
  languageName: node
  linkType: hard

"delayed-stream@npm:~1.0.0":
  version: 1.0.0
  resolution: "delayed-stream@npm:1.0.0"
  checksum: 46fe6e83e2cb1d85ba50bd52803c68be9bd953282fa7096f51fc29edd5d67ff84ff753c51966061e5ba7cb5e47ef6d36a91924eddb7f3f3483b1c560f77a0020
  languageName: node
  linkType: hard

"diff@npm:^4.0.1":
  version: 4.0.2
  resolution: "diff@npm:4.0.2"
  checksum: f2c09b0ce4e6b301c221addd83bf3f454c0bc00caa3dd837cf6c127d6edf7223aa2bbe3b688feea110b7f262adbfc845b757c44c8a9f8c0c5b15d8fa9ce9d20d
  languageName: node
  linkType: hard

"domexception@npm:^4.0.0":
  version: 4.0.0
  resolution: "domexception@npm:4.0.0"
  dependencies:
    webidl-conversions: ^7.0.0
  checksum: ddbc1268edf33a8ba02ccc596735ede80375ee0cf124b30d2f05df5b464ba78ef4f49889b6391df4a04954e63d42d5631c7fcf8b1c4f12bc531252977a5f13d5
  languageName: node
  linkType: hard

"end-of-stream@npm:^1.1.0":
  version: 1.4.4
  resolution: "end-of-stream@npm:1.4.4"
  dependencies:
    once: ^1.4.0
  checksum: 530a5a5a1e517e962854a31693dbb5c0b2fc40b46dad2a56a2deec656ca040631124f4795823acc68238147805f8b021abbe221f4afed5ef3c8e8efc2024908b
  languageName: node
  linkType: hard

"escodegen@npm:^2.0.0":
  version: 2.0.0
  resolution: "escodegen@npm:2.0.0"
  dependencies:
    esprima: ^4.0.1
    estraverse: ^5.2.0
    esutils: ^2.0.2
    optionator: ^0.8.1
    source-map: ~0.6.1
  dependenciesMeta:
    source-map:
      optional: true
  bin:
    escodegen: bin/escodegen.js
    esgenerate: bin/esgenerate.js
  checksum: 5aa6b2966fafe0545e4e77936300cc94ad57cfe4dc4ebff9950492eaba83eef634503f12d7e3cbd644ecc1bab388ad0e92b06fd32222c9281a75d1cf02ec6cef
  languageName: node
  linkType: hard

"esprima@npm:^4.0.1":
  version: 4.0.1
  resolution: "esprima@npm:4.0.1"
  bin:
    esparse: ./bin/esparse.js
    esvalidate: ./bin/esvalidate.js
  checksum: b45bc805a613dbea2835278c306b91aff6173c8d034223fa81498c77dcbce3b2931bf6006db816f62eacd9fd4ea975dfd85a5b7f3c6402cfd050d4ca3c13a628
  languageName: node
  linkType: hard

"estraverse@npm:^5.2.0":
  version: 5.3.0
  resolution: "estraverse@npm:5.3.0"
  checksum: 072780882dc8416ad144f8fe199628d2b3e7bbc9989d9ed43795d2c90309a2047e6bc5979d7e2322a341163d22cfad9e21f4110597fe487519697389497e4e2b
  languageName: node
  linkType: hard

"esutils@npm:^2.0.2":
  version: 2.0.3
  resolution: "esutils@npm:2.0.3"
  checksum: 22b5b08f74737379a840b8ed2036a5fb35826c709ab000683b092d9054e5c2a82c27818f12604bfc2a9a76b90b6834ef081edbc1c7ae30d1627012e067c6ec87
  languageName: node
  linkType: hard

"fast-levenshtein@npm:~2.0.6":
  version: 2.0.6
  resolution: "fast-levenshtein@npm:2.0.6"
  checksum: 92cfec0a8dfafd9c7a15fba8f2cc29cd0b62b85f056d99ce448bbcd9f708e18ab2764bda4dd5158364f4145a7c72788538994f0d1787b956ef0d1062b0f7c24c
  languageName: node
  linkType: hard

"follow-redirects@npm:^1.14.7":
  version: 1.14.7
  resolution: "follow-redirects@npm:1.14.7"
  peerDependenciesMeta:
    debug:
      optional: true
  checksum: f6d03e5e30877431065bca0d1b2e3db93949eb799d368a5c07ea8a4b71205f0349a3f8f0191bf13a07c93885522834dca1dc8e527dc99a772c6911fba24edc5f
  languageName: node
  linkType: hard

"form-data-encoder@npm:1.7.1":
  version: 1.7.1
  resolution: "form-data-encoder@npm:1.7.1"
  checksum: a2a360d5588a70d323c12a140c3db23a503a38f0a5d141af1efad579dde9f9fff2e49e5f31f378cb4631518c1ab4a826452c92f0d2869e954b6b2d77b05613e1
  languageName: node
  linkType: hard

"form-data@npm:^4.0.0":
  version: 4.0.0
  resolution: "form-data@npm:4.0.0"
  dependencies:
    asynckit: ^0.4.0
    combined-stream: ^1.0.8
    mime-types: ^2.1.12
  checksum: 01135bf8675f9d5c61ff18e2e2932f719ca4de964e3be90ef4c36aacfc7b9cb2fceb5eca0b7e0190e3383fe51c5b37f4cb80b62ca06a99aaabfcfd6ac7c9328c
  languageName: node
  linkType: hard

"get-stream@npm:^5.1.0":
  version: 5.2.0
  resolution: "get-stream@npm:5.2.0"
  dependencies:
    pump: ^3.0.0
  checksum: 8bc1a23174a06b2b4ce600df38d6c98d2ef6d84e020c1ddad632ad75bac4e092eeb40e4c09e0761c35fc2dbc5e7fff5dab5e763a383582c4a167dd69a905bd12
  languageName: node
  linkType: hard

"get-stream@npm:^6.0.1":
  version: 6.0.1
  resolution: "get-stream@npm:6.0.1"
  checksum: e04ecece32c92eebf5b8c940f51468cd53554dcbb0ea725b2748be583c9523d00128137966afce410b9b051eb2ef16d657cd2b120ca8edafcf5a65e81af63cad
  languageName: node
  linkType: hard

"got@npm:^12.0.1":
  version: 12.0.1
  resolution: "got@npm:12.0.1"
  dependencies:
    "@sindresorhus/is": ^4.2.0
    "@szmarczak/http-timer": ^5.0.1
    "@types/cacheable-request": ^6.0.2
    "@types/responselike": ^1.0.0
    cacheable-lookup: ^6.0.4
    cacheable-request: ^7.0.2
    decompress-response: ^6.0.0
    form-data-encoder: 1.7.1
    get-stream: ^6.0.1
    http2-wrapper: ^2.1.9
    lowercase-keys: ^3.0.0
    p-cancelable: ^3.0.0
    responselike: ^2.0.0
  checksum: 216ef6f1542eedeb45f1af5e868c64ced3ffdcdedf0e8c3474a528806a0f22d79d0943f97adf031c2ef90602836a9a31515dd7610edaea8f73b6e9cdf4cc39a7
  languageName: node
  linkType: hard

"html-encoding-sniffer@npm:^3.0.0":
  version: 3.0.0
  resolution: "html-encoding-sniffer@npm:3.0.0"
  dependencies:
    whatwg-encoding: ^2.0.0
  checksum: 8d806aa00487e279e5ccb573366a951a9f68f65c90298eac9c3a2b440a7ffe46615aff2995a2f61c6746c639234e6179a97e18ca5ccbbf93d3725ef2099a4502
  languageName: node
  linkType: hard

"http-cache-semantics@npm:^4.0.0":
  version: 4.1.0
  resolution: "http-cache-semantics@npm:4.1.0"
  checksum: 974de94a81c5474be07f269f9fd8383e92ebb5a448208223bfb39e172a9dbc26feff250192ecc23b9593b3f92098e010406b0f24bd4d588d631f80214648ed42
  languageName: node
  linkType: hard

"http-proxy-agent@npm:^5.0.0":
  version: 5.0.0
  resolution: "http-proxy-agent@npm:5.0.0"
  dependencies:
    "@tootallnate/once": 2
    agent-base: 6
    debug: 4
  checksum: e2ee1ff1656a131953839b2a19cd1f3a52d97c25ba87bd2559af6ae87114abf60971e498021f9b73f9fd78aea8876d1fb0d4656aac8a03c6caa9fc175f22b786
  languageName: node
  linkType: hard

"http2-wrapper@npm:^2.1.9":
  version: 2.1.10
  resolution: "http2-wrapper@npm:2.1.10"
  dependencies:
    quick-lru: ^5.1.1
    resolve-alpn: ^1.2.0
  checksum: 54de29576081469998fe48a0de61026dc212373b7e9028fb1b3c393a0aba49610d53e4b8b35cb1d8e40e0c32925705d6c3fb7c7babf8c5ab7953c69149d0ab9d
  languageName: node
  linkType: hard

"https-proxy-agent@npm:^5.0.0":
  version: 5.0.0
  resolution: "https-proxy-agent@npm:5.0.0"
  dependencies:
    agent-base: 6
    debug: 4
  checksum: 165bfb090bd26d47693597661298006841ab733d0c7383a8cb2f17373387a94c903a3ac687090aa739de05e379ab6f868bae84ab4eac288ad85c328cd1ec9e53
  languageName: node
  linkType: hard

"iconv-lite@npm:0.6.3":
  version: 0.6.3
  resolution: "iconv-lite@npm:0.6.3"
  dependencies:
    safer-buffer: ">= 2.1.2 < 3.0.0"
  checksum: 3f60d47a5c8fc3313317edfd29a00a692cc87a19cac0159e2ce711d0ebc9019064108323b5e493625e25594f11c6236647d8e256fbe7a58f4a3b33b89e6d30bf
  languageName: node
  linkType: hard

"is-potential-custom-element-name@npm:^1.0.1":
  version: 1.0.1
  resolution: "is-potential-custom-element-name@npm:1.0.1"
  checksum: ced7bbbb6433a5b684af581872afe0e1767e2d1146b2207ca0068a648fb5cab9d898495d1ac0583524faaf24ca98176a7d9876363097c2d14fee6dd324f3a1ab
  languageName: node
  linkType: hard

"jsdom@npm:^19.0.0":
  version: 19.0.0
  resolution: "jsdom@npm:19.0.0"
  dependencies:
    abab: ^2.0.5
    acorn: ^8.5.0
    acorn-globals: ^6.0.0
    cssom: ^0.5.0
    cssstyle: ^2.3.0
    data-urls: ^3.0.1
    decimal.js: ^10.3.1
    domexception: ^4.0.0
    escodegen: ^2.0.0
    form-data: ^4.0.0
    html-encoding-sniffer: ^3.0.0
    http-proxy-agent: ^5.0.0
    https-proxy-agent: ^5.0.0
    is-potential-custom-element-name: ^1.0.1
    nwsapi: ^2.2.0
    parse5: 6.0.1
    saxes: ^5.0.1
    symbol-tree: ^3.2.4
    tough-cookie: ^4.0.0
    w3c-hr-time: ^1.0.2
    w3c-xmlserializer: ^3.0.0
    webidl-conversions: ^7.0.0
    whatwg-encoding: ^2.0.0
    whatwg-mimetype: ^3.0.0
    whatwg-url: ^10.0.0
    ws: ^8.2.3
    xml-name-validator: ^4.0.0
  peerDependencies:
    canvas: ^2.5.0
  peerDependenciesMeta:
    canvas:
      optional: true
  checksum: 94b693bf4a394097dd96705550bb7b6cd3c8db3c5414e6e9c92a0995ed8b61067597da2f37fca6bed4b5a2f1ef33960ee759522156dccd0b306311988ea87cfb
  languageName: node
  linkType: hard

"json-buffer@npm:3.0.1":
  version: 3.0.1
  resolution: "json-buffer@npm:3.0.1"
  checksum: 9026b03edc2847eefa2e37646c579300a1f3a4586cfb62bf857832b60c852042d0d6ae55d1afb8926163fa54c2b01d83ae24705f34990348bdac6273a29d4581
  languageName: node
  linkType: hard

"keyv@npm:^4.0.0":
  version: 4.0.5
  resolution: "keyv@npm:4.0.5"
  dependencies:
    json-buffer: 3.0.1
  checksum: 968ec062e66a660bd1c403b2932f602948ea76b17f8419bb04166491c1f186da1c3b39db4ccd1fdb6a19a4dcb374334455dd3ac31e13a70000c81e2daa866117
  languageName: node
  linkType: hard

"levn@npm:~0.3.0":
  version: 0.3.0
  resolution: "levn@npm:0.3.0"
  dependencies:
    prelude-ls: ~1.1.2
    type-check: ~0.3.2
  checksum: 0d084a524231a8246bb10fec48cdbb35282099f6954838604f3c7fc66f2e16fa66fd9cc2f3f20a541a113c4dafdf181e822c887c8a319c9195444e6c64ac395e
  languageName: node
  linkType: hard

"lowercase-keys@npm:^2.0.0":
  version: 2.0.0
  resolution: "lowercase-keys@npm:2.0.0"
  checksum: 24d7ebd56ccdf15ff529ca9e08863f3c54b0b9d1edb97a3ae1af34940ae666c01a1e6d200707bce730a8ef76cb57cc10e65f245ecaaf7e6bc8639f2fb460ac23
  languageName: node
  linkType: hard

"lowercase-keys@npm:^3.0.0":
  version: 3.0.0
  resolution: "lowercase-keys@npm:3.0.0"
  checksum: 67a3f81409af969bc0c4ca0e76cd7d16adb1e25aa1c197229587eaf8671275c8c067cd421795dbca4c81be0098e4c426a086a05e30de8a9c587b7a13c0c7ccc5
  languageName: node
  linkType: hard

"make-error@npm:^1.1.1":
  version: 1.3.6
  resolution: "make-error@npm:1.3.6"
  checksum: b86e5e0e25f7f777b77fabd8e2cbf15737972869d852a22b7e73c17623928fccb826d8e46b9951501d3f20e51ad74ba8c59ed584f610526a48f8ccf88aaec402
  languageName: node
  linkType: hard

"mime-db@npm:1.51.0":
  version: 1.51.0
  resolution: "mime-db@npm:1.51.0"
  checksum: 613b1ac9d6e725cc24444600b124a7f1ce6c60b1baa654f39a3e260d0995a6dffc5693190217e271af7e2a5612dae19f2a73f3e316707d797a7391165f7ef423
  languageName: node
  linkType: hard

"mime-types@npm:^2.1.12":
  version: 2.1.34
  resolution: "mime-types@npm:2.1.34"
  dependencies:
    mime-db: 1.51.0
  checksum: 67013de9e9d6799bde6d669d18785b7e18bcd212e710d3e04a4727f92f67a8ad4e74aee24be28b685adb794944814bde649119b58ee3282ffdbee58f9278d9f3
  languageName: node
  linkType: hard

"mimic-response@npm:^1.0.0":
  version: 1.0.1
  resolution: "mimic-response@npm:1.0.1"
  checksum: 034c78753b0e622bc03c983663b1cdf66d03861050e0c8606563d149bc2b02d63f62ce4d32be4ab50d0553ae0ffe647fc34d1f5281184c6e1e8cf4d85e8d9823
  languageName: node
  linkType: hard

"mimic-response@npm:^3.1.0":
  version: 3.1.0
  resolution: "mimic-response@npm:3.1.0"
  checksum: 25739fee32c17f433626bf19f016df9036b75b3d84a3046c7d156e72ec963dd29d7fc8a302f55a3d6c5a4ff24259676b15d915aad6480815a969ff2ec0836867
  languageName: node
  linkType: hard

"ms@npm:2.1.2":
  version: 2.1.2
  resolution: "ms@npm:2.1.2"
  checksum: 673cdb2c3133eb050c745908d8ce632ed2c02d85640e2edb3ace856a2266a813b30c613569bf3354fdf4ea7d1a1494add3bfa95e2713baa27d0c2c71fc44f58f
  languageName: node
  linkType: hard

"normalize-url@npm:^6.0.1":
  version: 6.1.0
  resolution: "normalize-url@npm:6.1.0"
  checksum: 4a4944631173e7d521d6b80e4c85ccaeceb2870f315584fa30121f505a6dfd86439c5e3fdd8cd9e0e291290c41d0c3599f0cb12ab356722ed242584c30348e50
  languageName: node
  linkType: hard

"nwsapi@npm:^2.2.0":
  version: 2.2.0
  resolution: "nwsapi@npm:2.2.0"
  checksum: 5ef4a9bc0c1a5b7f2e014aa6a4b359a257503b796618ed1ef0eb852098f77e772305bb0e92856e4bbfa3e6c75da48c0113505c76f144555ff38867229c2400a7
  languageName: node
  linkType: hard

"once@npm:^1.3.1, once@npm:^1.4.0":
  version: 1.4.0
  resolution: "once@npm:1.4.0"
  dependencies:
    wrappy: 1
  checksum: cd0a88501333edd640d95f0d2700fbde6bff20b3d4d9bdc521bdd31af0656b5706570d6c6afe532045a20bb8dc0849f8332d6f2a416e0ba6d3d3b98806c7db68
  languageName: node
  linkType: hard

"optionator@npm:^0.8.1":
  version: 0.8.3
  resolution: "optionator@npm:0.8.3"
  dependencies:
    deep-is: ~0.1.3
    fast-levenshtein: ~2.0.6
    levn: ~0.3.0
    prelude-ls: ~1.1.2
    type-check: ~0.3.2
    word-wrap: ~1.2.3
  checksum: b8695ddf3d593203e25ab0900e265d860038486c943ff8b774f596a310f8ceebdb30c6832407a8198ba3ec9debe1abe1f51d4aad94843612db3b76d690c61d34
  languageName: node
  linkType: hard

"p-cancelable@npm:^3.0.0":
  version: 3.0.0
  resolution: "p-cancelable@npm:3.0.0"
  checksum: 2b5ae34218f9c2cf7a7c18e5d9a726ef9b165ef07e6c959f6738371509e747334b5f78f3bcdeb03d8a12dcb978faf641fd87eb21486ed7d36fb823b8ddef3219
  languageName: node
  linkType: hard

"parse5@npm:6.0.1":
  version: 6.0.1
  resolution: "parse5@npm:6.0.1"
  checksum: 7d569a176c5460897f7c8f3377eff640d54132b9be51ae8a8fa4979af940830b2b0c296ce75e5bd8f4041520aadde13170dbdec44889975f906098ea0002f4bd
  languageName: node
  linkType: hard

"prelude-ls@npm:~1.1.2":
  version: 1.1.2
  resolution: "prelude-ls@npm:1.1.2"
  checksum: c4867c87488e4a0c233e158e4d0d5565b609b105d75e4c05dc760840475f06b731332eb93cc8c9cecb840aa8ec323ca3c9a56ad7820ad2e63f0261dadcb154e4
  languageName: node
  linkType: hard

"psl@npm:^1.1.33":
  version: 1.8.0
  resolution: "psl@npm:1.8.0"
  checksum: 6150048ed2da3f919478bee8a82f3828303bc0fc730fb015a48f83c9977682c7b28c60ab01425a72d82a2891a1681627aa530a991d50c086b48a3be27744bde7
  languageName: node
  linkType: hard

"pump@npm:^3.0.0":
  version: 3.0.0
  resolution: "pump@npm:3.0.0"
  dependencies:
    end-of-stream: ^1.1.0
    once: ^1.3.1
  checksum: e42e9229fba14732593a718b04cb5e1cfef8254544870997e0ecd9732b189a48e1256e4e5478148ecb47c8511dca2b09eae56b4d0aad8009e6fac8072923cfc9
  languageName: node
  linkType: hard

"punycode@npm:^2.1.1":
  version: 2.1.1
  resolution: "punycode@npm:2.1.1"
  checksum: 823bf443c6dd14f669984dea25757b37993f67e8d94698996064035edd43bed8a5a17a9f12e439c2b35df1078c6bec05a6c86e336209eb1061e8025c481168e8
  languageName: node
  linkType: hard

"quick-lru@npm:^5.1.1":
  version: 5.1.1
  resolution: "quick-lru@npm:5.1.1"
  checksum: a516faa25574be7947969883e6068dbe4aa19e8ef8e8e0fd96cddd6d36485e9106d85c0041a27153286b0770b381328f4072aa40d3b18a19f5f7d2b78b94b5ed
  languageName: node
  linkType: hard

"resolve-alpn@npm:^1.2.0":
  version: 1.2.1
  resolution: "resolve-alpn@npm:1.2.1"
  checksum: f558071fcb2c60b04054c99aebd572a2af97ef64128d59bef7ab73bd50d896a222a056de40ffc545b633d99b304c259ea9d0c06830d5c867c34f0bfa60b8eae0
  languageName: node
  linkType: hard

"responselike@npm:^2.0.0":
  version: 2.0.0
  resolution: "responselike@npm:2.0.0"
  dependencies:
    lowercase-keys: ^2.0.0
  checksum: 6a4d32c37d4e88678ae0a9d69fcc90aafa15b1a3eab455bd65c06af3c6c4976afc47d07a0e5a60d277ab041a465f43bf0a581e0d7ab33786e7a7741573f2e487
  languageName: node
  linkType: hard

"safer-buffer@npm:>= 2.1.2 < 3.0.0":
  version: 2.1.2
  resolution: "safer-buffer@npm:2.1.2"
  checksum: cab8f25ae6f1434abee8d80023d7e72b598cf1327164ddab31003c51215526801e40b66c5e65d658a0af1e9d6478cadcb4c745f4bd6751f97d8644786c0978b0
  languageName: node
  linkType: hard

"saxes@npm:^5.0.1":
  version: 5.0.1
  resolution: "saxes@npm:5.0.1"
  dependencies:
    xmlchars: ^2.2.0
  checksum: 5636b55cf15f7cf0baa73f2797bf992bdcf75d1b39d82c0aa4608555c774368f6ac321cb641fd5f3d3ceb87805122cd47540da6a7b5960fe0dbdb8f8c263f000
  languageName: node
  linkType: hard

"source-map@npm:~0.6.1":
  version: 0.6.1
  resolution: "source-map@npm:0.6.1"
  checksum: 59ce8640cf3f3124f64ac289012c2b8bd377c238e316fb323ea22fbfe83da07d81e000071d7242cad7a23cd91c7de98e4df8830ec3f133cb6133a5f6e9f67bc2
  languageName: node
  linkType: hard

"symbol-tree@npm:^3.2.4":
  version: 3.2.4
  resolution: "symbol-tree@npm:3.2.4"
  checksum: 6e8fc7e1486b8b54bea91199d9535bb72f10842e40c79e882fc94fb7b14b89866adf2fd79efa5ebb5b658bc07fb459ccce5ac0e99ef3d72f474e74aaf284029d
  languageName: node
  linkType: hard

"tough-cookie@npm:^4.0.0":
  version: 4.0.0
  resolution: "tough-cookie@npm:4.0.0"
  dependencies:
    psl: ^1.1.33
    punycode: ^2.1.1
    universalify: ^0.1.2
  checksum: 0891b37eb7d17faa3479d47f0dce2e3007f2583094ad272f2670d120fbcc3df3b0b0a631ba96ecad49f9e2297d93ff8995ce0d3292d08dd7eabe162f5b224d69
  languageName: node
  linkType: hard

"tr46@npm:^3.0.0":
  version: 3.0.0
  resolution: "tr46@npm:3.0.0"
  dependencies:
    punycode: ^2.1.1
  checksum: 44c3cc6767fb800490e6e9fd64fd49041aa4e49e1f6a012b34a75de739cc9ed3a6405296072c1df8b6389ae139c5e7c6496f659cfe13a04a4bff3a1422981270
  languageName: node
  linkType: hard

"ts-node@npm:^10.4.0":
  version: 10.4.0
  resolution: "ts-node@npm:10.4.0"
  dependencies:
    "@cspotcode/source-map-support": 0.7.0
    "@tsconfig/node10": ^1.0.7
    "@tsconfig/node12": ^1.0.7
    "@tsconfig/node14": ^1.0.0
    "@tsconfig/node16": ^1.0.2
    acorn: ^8.4.1
    acorn-walk: ^8.1.1
    arg: ^4.1.0
    create-require: ^1.1.0
    diff: ^4.0.1
    make-error: ^1.1.1
    yn: 3.1.1
  peerDependencies:
    "@swc/core": ">=1.2.50"
    "@swc/wasm": ">=1.2.50"
    "@types/node": "*"
    typescript: ">=2.7"
  peerDependenciesMeta:
    "@swc/core":
      optional: true
    "@swc/wasm":
      optional: true
  bin:
    ts-node: dist/bin.js
    ts-node-cwd: dist/bin-cwd.js
    ts-node-script: dist/bin-script.js
    ts-node-transpile-only: dist/bin-transpile.js
    ts-script: dist/bin-script-deprecated.js
  checksum: 3933ac0a937d33c45e04a6750fcdd3e765eb2897d1da1307cd97ac52af093bcfb632ec0453a75000a65c8b5b7bdb32b1077050a186dcc556e62657cb592e6d49
  languageName: node
  linkType: hard

"type-check@npm:~0.3.2":
  version: 0.3.2
  resolution: "type-check@npm:0.3.2"
  dependencies:
    prelude-ls: ~1.1.2
  checksum: dd3b1495642731bc0e1fc40abe5e977e0263005551ac83342ecb6f4f89551d106b368ec32ad3fb2da19b3bd7b2d1f64330da2ea9176d8ddbfe389fb286eb5124
  languageName: node
  linkType: hard

"typescript@npm:^4.5.5":
  version: 4.5.5
  resolution: "typescript@npm:4.5.5"
  bin:
    tsc: bin/tsc
    tsserver: bin/tsserver
  checksum: 506f4c919dc8aeaafa92068c997f1d213b9df4d9756d0fae1a1e7ab66b585ab3498050e236113a1c9e57ee08c21ec6814ca7a7f61378c058d79af50a4b1f5a5e
  languageName: node
  linkType: hard

"typescript@patch:typescript@^4.5.5#~builtin<compat/typescript>":
  version: 4.5.5
  resolution: "typescript@patch:typescript@npm%3A4.5.5#~builtin<compat/typescript>::version=4.5.5&hash=ddd1e8"
  bin:
    tsc: bin/tsc
    tsserver: bin/tsserver
  checksum: 9cdde4aae20b2904431f3f2ca8acaf3b0cc52faddf68aa88b288c9d0520221817da43783a756fce7ab9360033ada0371c3ff93dfc4bdb4b13f6e9bac64e1658d
  languageName: node
  linkType: hard

"universalify@npm:^0.1.2":
  version: 0.1.2
  resolution: "universalify@npm:0.1.2"
  checksum: 40cdc60f6e61070fe658ca36016a8f4ec216b29bf04a55dce14e3710cc84c7448538ef4dad3728d0bfe29975ccd7bfb5f414c45e7b78883567fb31b246f02dff
  languageName: node
  linkType: hard

"w3c-hr-time@npm:^1.0.2":
  version: 1.0.2
  resolution: "w3c-hr-time@npm:1.0.2"
  dependencies:
    browser-process-hrtime: ^1.0.0
  checksum: ec3c2dacbf8050d917bbf89537a101a08c2e333b4c19155f7d3bedde43529d4339db6b3d049d9610789cb915f9515f8be037e0c54c079e9d4735c50b37ed52b9
  languageName: node
  linkType: hard

"w3c-xmlserializer@npm:^3.0.0":
  version: 3.0.0
  resolution: "w3c-xmlserializer@npm:3.0.0"
  dependencies:
    xml-name-validator: ^4.0.0
  checksum: 0af8589942eeb11c9fe29eb31a1a09f3d5dd136aea53a9848dfbabff79ac0dd26fe13eb54d330d5555fe27bb50b28dca0715e09f9cc2bfa7670ccc8b7f919ca2
  languageName: node
  linkType: hard

"web-scraper@workspace:.":
  version: 0.0.0-use.local
  resolution: "web-scraper@workspace:."
  dependencies:
    "@types/jsdom": ^16.2.14
    "@types/node": ^17.0.10
    axios: ^0.25.0
    got: ^12.0.1
    jsdom: ^19.0.0
    ts-node: ^10.4.0
    typescript: ^4.5.5
  languageName: unknown
  linkType: soft

"webidl-conversions@npm:^7.0.0":
  version: 7.0.0
  resolution: "webidl-conversions@npm:7.0.0"
  checksum: f05588567a2a76428515333eff87200fae6c83c3948a7482ebb109562971e77ef6dc49749afa58abb993391227c5697b3ecca52018793e0cb4620a48f10bd21b
  languageName: node
  linkType: hard

"whatwg-encoding@npm:^2.0.0":
  version: 2.0.0
  resolution: "whatwg-encoding@npm:2.0.0"
  dependencies:
    iconv-lite: 0.6.3
  checksum: 7087810c410aa9b689cbd6af8773341a53cdc1f3aae2a882c163bd5522ec8ca4cdfc269aef417a5792f411807d5d77d50df4c24e3abb00bb60192858a40cc675
  languageName: node
  linkType: hard

"whatwg-mimetype@npm:^3.0.0":
  version: 3.0.0
  resolution: "whatwg-mimetype@npm:3.0.0"
  checksum: ce08bbb36b6aaf64f3a84da89707e3e6a31e5ab1c1a2379fd68df79ba712a4ab090904f0b50e6693b0dafc8e6343a6157e40bf18fdffd26e513cf95ee2a59824
  languageName: node
  linkType: hard

"whatwg-url@npm:^10.0.0":
  version: 10.0.0
  resolution: "whatwg-url@npm:10.0.0"
  dependencies:
    tr46: ^3.0.0
    webidl-conversions: ^7.0.0
  checksum: a21ec309c5cc743fe9414509408bedf65eaf0fb5c17ac66baa08ef12fce16da4dd30ce90abefbd5a716408301c58a73666dabfd5042cf4242992eb98b954f861
  languageName: node
  linkType: hard

"word-wrap@npm:~1.2.3":
  version: 1.2.3
  resolution: "word-wrap@npm:1.2.3"
  checksum: 30b48f91fcf12106ed3186ae4fa86a6a1842416df425be7b60485de14bec665a54a68e4b5156647dec3a70f25e84d270ca8bc8cd23182ed095f5c7206a938c1f
  languageName: node
  linkType: hard

"wrappy@npm:1":
  version: 1.0.2
  resolution: "wrappy@npm:1.0.2"
  checksum: 159da4805f7e84a3d003d8841557196034155008f817172d4e986bd591f74aa82aa7db55929a54222309e01079a65a92a9e6414da5a6aa4b01ee44a511ac3ee5
  languageName: node
  linkType: hard

"ws@npm:^8.2.3":
  version: 8.4.2
  resolution: "ws@npm:8.4.2"
  peerDependencies:
    bufferutil: ^4.0.1
    utf-8-validate: ^5.0.2
  peerDependenciesMeta:
    bufferutil:
      optional: true
    utf-8-validate:
      optional: true
  checksum: 4369caaac8d1092a73871f5cf1d87fcbb995dc4183a1bc48e4f451bc2d02d0a8bf7c17edf1da18e2be3c773b09262275356b256d1c55bc7ca096154293ba2a8c
  languageName: node
  linkType: hard

"xml-name-validator@npm:^4.0.0":
  version: 4.0.0
  resolution: "xml-name-validator@npm:4.0.0"
  checksum: af100b79c29804f05fa35aa3683e29a321db9b9685d5e5febda3fa1e40f13f85abc40f45a6b2bf7bee33f68a1dc5e8eaef4cec100a304a9db565e6061d4cb5ad
  languageName: node
  linkType: hard

"xmlchars@npm:^2.2.0":
  version: 2.2.0
  resolution: "xmlchars@npm:2.2.0"
  checksum: 8c70ac94070ccca03f47a81fcce3b271bd1f37a591bf5424e787ae313fcb9c212f5f6786e1fa82076a2c632c0141552babcd85698c437506dfa6ae2d58723062
  languageName: node
  linkType: hard

"yn@npm:3.1.1":
  version: 3.1.1
  resolution: "yn@npm:3.1.1"
  checksum: 2c487b0e149e746ef48cda9f8bad10fc83693cd69d7f9dcd8be4214e985de33a29c9e24f3c0d6bcf2288427040a8947406ab27f7af67ee9456e6b84854f02dd6
  languageName: node
  linkType: hard
